
Microsoft Visual Studio Solution File, Format Version 12.00
# Blend for Visual Studio Version 17
VisualStudioVersion = 17.0.31912.275
MinimumVisualStudioVersion = 10.0.40219.1
Project("{9A19103F-16F7-4668-BE54-9A1E7A4F7556}") = "Design_test", "Design_test\Design_test.csproj", "{BDEC7D38-3E02-41ED-A484-2E96583391D2}"
EndProject
Global
	GlobalSection(SolutionConfigurationPlatforms) = preSolution
		Debug|Any CPU = Debug|Any CPU
		Release|Any CPU = Release|Any CPU
	EndGlobalSection
	GlobalSection(ProjectConfigurationPlatforms) = postSolution
		{BDEC7D38-3E02-41ED-A484-2E96583391D2}.Debug|Any CPU.ActiveCfg = Debug|Any CPU
		{BDEC7D38-3E02-41ED-A484-2E96583391D2}.Debug|Any CPU.Build.0 = Debug|Any CPU
		{BDEC7D38-3E02-41ED-A484-2E96583391D2}.Release|Any CPU.ActiveCfg = Release|Any CPU
		{BDEC7D38-3E02-41ED-A484-2E96583391D2}.Release|Any CPU.Build.0 = Release|Any CPU
	EndGlobalSection
	GlobalSection(SolutionProperties) = preSolution
		HideSolutionNode = FALSE
	EndGlobalSection
	GlobalSection(ExtensibilityGlobals) = postSolution
		SolutionGuid = {467D6988-EEE1-42CE-8074-0E828904B622}
	EndGlobalSection
EndGlobal
